
Microsoft Visual Studio Solution File, Format Version 12.00
# Visual Studio Version 17
VisualStudioVersion = 17.7.34009.444
MinimumVisualStudioVersion = 10.0.40219.1
Project("{FAE04EC0-301F-11D3-BF4B-00C04F79EFBC}") = "해독", "해독\해독.csproj", "{78649FE1-6541-4A04-ACF1-AECEB6272FCE}"
EndProject
Global
	GlobalSection(SolutionConfigurationPlatforms) = preSolution
		Debug|Any CPU = Debug|Any CPU
		Release|Any CPU = Release|Any CPU
	EndGlobalSection
	GlobalSection(ProjectConfigurationPlatforms) = postSolution
		{78649FE1-6541-4A04-ACF1-AECEB6272FCE}.Debug|Any CPU.ActiveCfg = Debug|Any CPU
		{78649FE1-6541-4A04-ACF1-AECEB6272FCE}.Debug|Any CPU.Build.0 = Debug|Any CPU
		{78649FE1-6541-4A04-ACF1-AECEB6272FCE}.Release|Any CPU.ActiveCfg = Release|Any CPU
		{78649FE1-6541-4A04-ACF1-AECEB6272FCE}.Release|Any CPU.Build.0 = Release|Any CPU
	EndGlobalSection
	GlobalSection(SolutionProperties) = preSolution
		HideSolutionNode = FALSE
	EndGlobalSection
	GlobalSection(ExtensibilityGlobals) = postSolution
		SolutionGuid = {05264B49-5EE1-4B4D-AFDA-0840B3FDFE15}
	EndGlobalSection
EndGlobal
